
Microsoft Visual Studio Solution File, Format Version 12.00
# Visual Studio Version 18
VisualStudioVersion = 18.1.11312.151 d18.0
MinimumVisualStudioVersion = 10.0.40219.1
Project("{8BC9CEB8-8B4A-11D0-8D11-00A0C91BC942}") = "PhysicsSimulator", "PhysicsSimulator.vcxproj", "{8204B94A-A275-00B9-8678-08F9AD2151B8}"
EndProject
Global
	GlobalSection(SolutionConfigurationPlatforms) = preSolution
		Debug|x64 = Debug|x64
		Debug|x86 = Debug|x86
		Release|x64 = Release|x64
		Release|x86 = Release|x86
	EndGlobalSection
	GlobalSection(ProjectConfigurationPlatforms) = postSolution
		{8204B94A-A275-00B9-8678-08F9AD2151B8}.Debug|x64.ActiveCfg = Debug|x64
		{8204B94A-A275-00B9-8678-08F9AD2151B8}.Debug|x64.Build.0 = Debug|x64
		{8204B94A-A275-00B9-8678-08F9AD2151B8}.Debug|x86.ActiveCfg = Debug|Win32
		{8204B94A-A275-00B9-8678-08F9AD2151B8}.Debug|x86.Build.0 = Debug|Win32
		{8204B94A-A275-00B9-8678-08F9AD2151B8}.Release|x64.ActiveCfg = Release|x64
		{8204B94A-A275-00B9-8678-08F9AD2151B8}.Release|x64.Build.0 = Release|x64
		{8204B94A-A275-00B9-8678-08F9AD2151B8}.Release|x86.ActiveCfg = Release|Win32
		{8204B94A-A275-00B9-8678-08F9AD2151B8}.Release|x86.Build.0 = Release|Win32
	EndGlobalSection
	GlobalSection(SolutionProperties) = preSolution
		HideSolutionNode = FALSE
	EndGlobalSection
	GlobalSection(ExtensibilityGlobals) = postSolution
		SolutionGuid = {4FC261EC-EFE9-4289-8622-B0E4062E1D85}
	EndGlobalSection
EndGlobal
